
Microsoft Visual Studio Solution File, Format Version 12.00
# Visual Studio Version 17
VisualStudioVersion = 17.4.33403.182
MinimumVisualStudioVersion = 10.0.40219.1
Project("{8BC9CEB8-8B4A-11D0-8D11-00A0C91BC942}") = "FirstBigProject", "FirstBigProject\FirstBigProject.vcxproj", "{11D6F4A5-2300-4F61-B928-014714570A51}"
EndProject
Global
	GlobalSection(SolutionConfigurationPlatforms) = preSolution
		Debug|x64 = Debug|x64
		Release|x64 = Release|x64
	EndGlobalSection
	GlobalSection(ProjectConfigurationPlatforms) = postSolution
		{11D6F4A5-2300-4F61-B928-014714570A51}.Debug|x64.ActiveCfg = Debug|x64
		{11D6F4A5-2300-4F61-B928-014714570A51}.Debug|x64.Build.0 = Debug|x64
		{11D6F4A5-2300-4F61-B928-014714570A51}.Release|x64.ActiveCfg = Release|x64
		{11D6F4A5-2300-4F61-B928-014714570A51}.Release|x64.Build.0 = Release|x64
	EndGlobalSection
	GlobalSection(SolutionProperties) = preSolution
		HideSolutionNode = FALSE
	EndGlobalSection
	GlobalSection(ExtensibilityGlobals) = postSolution
		SolutionGuid = {E2D4AC5A-358C-41DD-9078-DD8C564DA862}
	EndGlobalSection
EndGlobal
