<?xml version="1.0" encoding="utf-8"?>
<Project ToolsVersion="4.0" xmlns="http://schemas.microsoft.com/developer/msbuild/2003">
  <ItemGroup>
    <Filter Include="Source Files">
      <UniqueIdentifier>{4FC737F1-C7A5-4376-A066-2A32D752A2FF}</UniqueIdentifier>
      <Extensions>qml;cpp;c;cc;cxx;def;odl;idl;hpj;bat;asm;asmx</Extensions>
    </Filter>
    <Filter Include="Header Files">
      <UniqueIdentifier>{93995380-89BD-4b04-88EB-625FBE52EBFB}</UniqueIdentifier>
      <Extensions>h;hh;hpp;hxx;hm;inl;inc;xsd</Extensions>
    </Filter>
    <Filter Include="Resource Files">
      <UniqueIdentifier>{67DA6AB6-F800-4c08-8B7A-83BB121AAD01}</UniqueIdentifier>
      <Extensions>qrc;rc;ico;cur;bmp;dlg;rc2;rct;bin;rgs;gif;jpg;jpeg;jpe;resx;tiff;tif;png;wav;mfcribbon-ms</Extensions>
    </Filter>
    <Filter Include="Form Files">
      <UniqueIdentifier>{99349809-55BA-4b9d-BF79-8FDBB0286EB3}</UniqueIdentifier>
      <Extensions>ui</Extensions>
    </Filter>
    <Filter Include="Translation Files">
      <UniqueIdentifier>{639EADAA-A684-42e4-A9AD-28FC9BCB8F7C}</UniqueIdentifier>
      <Extensions>ts</Extensions>
    </Filter>
  </ItemGroup>
  <ItemGroup>
    <QtRcc Include="FirstBigProject.qrc">
      <Filter>Resource Files</Filter>
    </QtRcc>
    <QtUic Include="FirstBigProject.ui">
      <Filter>Form Files</Filter>
    </QtUic>
    <ClCompile Include="FirstBigProject.cpp">
      <Filter>Source Files</Filter>
    </ClCompile>
  </ItemGroup>
  <ItemGroup>
    <ClCompile Include="main.cpp">
      <Filter>Source Files</Filter>
    </ClCompile>
    <ClCompile Include="my_opengl.cpp">
      <Filter>Source Files</Filter>
    </ClCompile>
    <ClCompile Include="Shader.cpp">
      <Filter>Source Files</Filter>
    </ClCompile>
    <ClCompile Include="public.cpp">
      <Filter>Source Files</Filter>
    </ClCompile>
    <ClCompile Include="stb_image.cpp">
      <Filter>Source Files</Filter>
    </ClCompile>
    <ClCompile Include="Camera.cpp">
      <Filter>Source Files</Filter>
    </ClCompile>
    <ClCompile Include="mainCameraOpenGL.cpp">
      <Filter>Source Files</Filter>
    </ClCompile>
    <ClCompile Include="boundary.cpp">
      <Filter>Source Files</Filter>
    </ClCompile>
    <ClCompile Include="vertex.cpp">
      <Filter>Source Files</Filter>
    </ClCompile>
    <ClCompile Include="opnegl_res_control.cpp">
      <Filter>Source Files</Filter>
    </ClCompile>
    <ClCompile Include="vao.cpp">
      <Filter>Source Files</Filter>
    </ClCompile>
    <ClCompile Include="vbo.cpp">
      <Filter>Source Files</Filter>
    </ClCompile>
    <ClCompile Include="logger.cpp">
      <Filter>Source Files</Filter>
    </ClCompile>
    <ClCompile Include="ebo.cpp">
      <Filter>Source Files</Filter>
    </ClCompile>
    <ClCompile Include="basic_shapes.cpp">
      <Filter>Source Files</Filter>
    </ClCompile>
    <ClCompile Include="ResourceManager.cpp">
      <Filter>Source Files</Filter>
    </ClCompile>
    <ClCompile Include="texture2d.cpp">
      <Filter>Source Files</Filter>
    </ClCompile>
    <ClCompile Include="shader2.cpp">
      <Filter>Source Files</Filter>
    </ClCompile>
    <ClCompile Include="skybox.cpp">
      <Filter>Source Files</Filter>
    </ClCompile>
    <ClCompile Include="mesh.cpp">
      <Filter>Source Files</Filter>
    </ClCompile>
    <ClCompile Include="model.cpp">
      <Filter>Source Files</Filter>
    </ClCompile>
    <ClCompile Include="GraphicsRenderer.cpp">
      <Filter>Source Files</Filter>
    </ClCompile>
    <ClCompile Include="LightingMethods.cpp">
      <Filter>Source Files</Filter>
    </ClCompile>
    <ClCompile Include="light_control.cpp">
      <Filter>Source Files</Filter>
    </ClCompile>
  </ItemGroup>
  <ItemGroup>
    <QtMoc Include="my_opengl.h">
      <Filter>Header Files</Filter>
    </QtMoc>
    <QtMoc Include="FirstBigProject.h">
      <Filter>Header Files</Filter>
    </QtMoc>
    <QtMoc Include="light_control.h">
      <Filter>Header Files</Filter>
    </QtMoc>
  </ItemGroup>
  <ItemGroup>
    <ClInclude Include="Shader.h">
      <Filter>Header Files</Filter>
    </ClInclude>
    <ClInclude Include="pubilc.h">
      <Filter>Header Files</Filter>
    </ClInclude>
    <ClInclude Include="Camera.h">
      <Filter>Header Files</Filter>
    </ClInclude>
    <ClInclude Include="mainCameraOpenGL.h">
      <Filter>Header Files</Filter>
    </ClInclude>
    <ClInclude Include="ray.h">
      <Filter>Header Files</Filter>
    </ClInclude>
    <ClInclude Include="boundary.h">
      <Filter>Header Files</Filter>
    </ClInclude>
    <ClInclude Include="vertex.h">
      <Filter>Header Files</Filter>
    </ClInclude>
    <ClInclude Include="utils.h">
      <Filter>Header Files</Filter>
    </ClInclude>
    <ClInclude Include="opnegl_res_control.h">
      <Filter>Header Files</Filter>
    </ClInclude>
    <ClInclude Include="vao.h">
      <Filter>Header Files</Filter>
    </ClInclude>
    <ClInclude Include="vbo.h">
      <Filter>Header Files</Filter>
    </ClInclude>
    <ClInclude Include="logger.h">
      <Filter>Header Files</Filter>
    </ClInclude>
    <ClInclude Include="ebo.h">
      <Filter>Header Files</Filter>
    </ClInclude>
    <ClInclude Include="basic_shapes.h">
      <Filter>Header Files</Filter>
    </ClInclude>
    <ClInclude Include="ResourceManager.h">
      <Filter>Header Files</Filter>
    </ClInclude>
    <ClInclude Include="texture2d.h">
      <Filter>Header Files</Filter>
    </ClInclude>
    <ClInclude Include="shader2.h">
      <Filter>Header Files</Filter>
    </ClInclude>
    <ClInclude Include="resource.h">
      <Filter>Header Files</Filter>
    </ClInclude>
    <ClInclude Include="skybox.h">
      <Filter>Header Files</Filter>
    </ClInclude>
    <ClInclude Include="model.h">
      <Filter>Header Files</Filter>
    </ClInclude>
    <ClInclude Include="mesh.h">
      <Filter>Header Files</Filter>
    </ClInclude>
    <ClInclude Include="GraphicsRenderer.h">
      <Filter>Header Files</Filter>
    </ClInclude>
    <ClInclude Include="LightingMethods.h">
      <Filter>Header Files</Filter>
    </ClInclude>
    <ClInclude Include="CollisionRecorder.h">
      <Filter>Header Files</Filter>
    </ClInclude>
  </ItemGroup>
  <ItemGroup>
    <None Include="shader\cube.frag">
      <Filter>Resource Files</Filter>
    </None>
    <None Include="shader\cube.vert">
      <Filter>Resource Files</Filter>
    </None>
    <None Include="plane.frag">
      <Filter>Resource Files</Filter>
    </None>
    <None Include="plane.vert">
      <Filter>Resource Files</Filter>
    </None>
    <None Include="boundary_shader.frag">
      <Filter>Resource Files</Filter>
    </None>
    <None Include="boundary_shader.vert">
      <Filter>Resource Files</Filter>
    </None>
    <None Include="shader\camera_cube.frag">
      <Filter>Resource Files</Filter>
    </None>
    <None Include="shader\camera_cube.vert">
      <Filter>Resource Files</Filter>
    </None>
    <None Include="shader\colors.frag">
      <Filter>Resource Files</Filter>
    </None>
    <None Include="shader\colors.vert">
      <Filter>Resource Files</Filter>
    </None>
    <None Include="shader\skybox.frag">
      <Filter>Resource Files</Filter>
    </None>
    <None Include="shader\skybox.vert">
      <Filter>Resource Files</Filter>
    </None>
    <None Include="shader\our_model.frag">
      <Filter>Resource Files</Filter>
    </None>
    <None Include="shader\our_model.vert">
      <Filter>Resource Files</Filter>
    </None>
  </ItemGroup>
  <ItemGroup>
    <ResourceCompile Include="FirstBigProject.rc">
      <Filter>Resource Files</Filter>
    </ResourceCompile>
  </ItemGroup>
  <ItemGroup>
    <QtUic Include="light_control.ui">
      <Filter>Form Files</Filter>
    </QtUic>
  </ItemGroup>
</Project>